
Microsoft Visual Studio Solution File, Format Version 12.00
# Visual Studio Version 17
VisualStudioVersion = 17.2.32526.322
MinimumVisualStudioVersion = 10.0.40219.1
Project("{FAE04EC0-301F-11D3-BF4B-00C04F79EFBC}") = "PraiseCMS.Web", "PraiseCMS.Web\PraiseCMS.Web.csproj", "{DBB17C25-32B0-4AC9-B054-EF50A9488808}"
EndProject
Project("{FAE04EC0-301F-11D3-BF4B-00C04F79EFBC}") = "PraiseCMS.DataAccess", "PraiseCMS.DataAccess\PraiseCMS.DataAccess.csproj", "{ADCB302B-C6FB-461F-B6B3-E3BD3B0F4023}"
EndProject
Project("{FAE04EC0-301F-11D3-BF4B-00C04F79EFBC}") = "SalesWebsite", "SalesWebsite\SalesWebsite.csproj", "{949830CC-360B-4085-BD87-2A536DDA4833}"
EndProject
Project("{FAE04EC0-301F-11D3-BF4B-00C04F79EFBC}") = "PraiseCMS.BusinessLayer", "PraiseCMS.BusinessLayer\PraiseCMS.BusinessLayer.csproj", "{53B1CC7E-B860-4B2D-95FD-75C9CA01FF6E}"
EndProject
Project("{2150E333-8FDC-42A3-9474-1A3956D46DE8}") = "Jobs", "Jobs", "{20A91BCD-5F0F-4A6F-8074-DB1964AA78E9}"
EndProject
Project("{FAE04EC0-301F-11D3-BF4B-00C04F79EFBC}") = "PraiseCMS.Job.EmailTemplateSender", "PraiseCMS.Jobs.EmailTemplateSender\PraiseCMS.Job.EmailTemplateSender.csproj", "{3F719754-39A0-4480-B63C-12AF5653370F}"
EndProject
Project("{FAE04EC0-301F-11D3-BF4B-00C04F79EFBC}") = "PraiseCMS.Shared", "PraiseCMS.Shared\PraiseCMS.Shared.csproj", "{DB83F98F-870A-4262-90D6-7008C6B40CDB}"
EndProject
Project("{2150E333-8FDC-42A3-9474-1A3956D46DE8}") = "1.Libs", "1.Libs", "{028E70DD-CA9E-426F-A3A1-D27C68F8350B}"
EndProject
Project("{2150E333-8FDC-42A3-9474-1A3956D46DE8}") = "2.Data", "2.Data", "{9901DE46-4790-4E5F-B4CE-277E819E65C4}"
EndProject
Project("{2150E333-8FDC-42A3-9474-1A3956D46DE8}") = "3.Services", "3.Services", "{FE4EA644-DE33-4E5C-8851-49AE88B917D6}"
EndProject
Project("{2150E333-8FDC-42A3-9474-1A3956D46DE8}") = "4.Applications", "4.Applications", "{738C1300-E9D8-4853-A773-B88A984FE245}"
EndProject
Project("{FAE04EC0-301F-11D3-BF4B-00C04F79EFBC}") = "PraiseCMS.Job.ScheduledPayments", "PraiseCMS.Job.ScheduledPayments\PraiseCMS.Job.ScheduledPayments.csproj", "{16914C89-8A01-4B2D-AAC1-203DAF214D7D}"
EndProject
Project("{FAE04EC0-301F-11D3-BF4B-00C04F79EFBC}") = "PraiseCMS.Job.GivingStatements", "PraiseCMS.Job.GivingStatements\PraiseCMS.Job.GivingStatements.csproj", "{0FBA3F17-92DF-40D9-BB8F-F477E5D98C21}"
EndProject
Project("{FAE04EC0-301F-11D3-BF4B-00C04F79EFBC}") = "PraiseCMS.Job.Subscriptions", "Subscriptions\PraiseCMS.Job.Subscriptions.csproj", "{5EF50E15-0B70-459B-B2F4-454104AF0FEB}"
EndProject
Project("{FAE04EC0-301F-11D3-BF4B-00C04F79EFBC}") = "PraiseCMS.Job.EmailSender", "PraiseCMS.Job.EmailSender\PraiseCMS.Job.EmailSender.csproj", "{B7BE64B9-3841-412B-A62E-A738D75410C4}"
EndProject
Project("{FAE04EC0-301F-11D3-BF4B-00C04F79EFBC}") = "PraiseCMS.API", "PraiseCMS.API\PraiseCMS.API.csproj", "{3BFD8ACE-0189-4B11-A110-1AA07952C366}"
EndProject
Project("{2150E333-8FDC-42A3-9474-1A3956D46DE8}") = "Solution Items", "Solution Items", "{3E1F12B1-8601-474C-8FBF-BF19577B8BA6}"
	ProjectSection(SolutionItems) = preProject
		..\.gitattributes = ..\.gitattributes
		..\.gitignore = ..\.gitignore
	EndProjectSection
EndProject
Global
	GlobalSection(SolutionConfigurationPlatforms) = preSolution
		Debug|Any CPU = Debug|Any CPU
		ProdDebug|Any CPU = ProdDebug|Any CPU
		Release|Any CPU = Release|Any CPU
	EndGlobalSection
	GlobalSection(ProjectConfigurationPlatforms) = postSolution
		{DBB17C25-32B0-4AC9-B054-EF50A9488808}.Debug|Any CPU.ActiveCfg = Debug|Any CPU
		{DBB17C25-32B0-4AC9-B054-EF50A9488808}.Debug|Any CPU.Build.0 = Debug|Any CPU
		{DBB17C25-32B0-4AC9-B054-EF50A9488808}.ProdDebug|Any CPU.ActiveCfg = ProdDebug|Any CPU
		{DBB17C25-32B0-4AC9-B054-EF50A9488808}.ProdDebug|Any CPU.Build.0 = ProdDebug|Any CPU
		{DBB17C25-32B0-4AC9-B054-EF50A9488808}.Release|Any CPU.ActiveCfg = Release|Any CPU
		{DBB17C25-32B0-4AC9-B054-EF50A9488808}.Release|Any CPU.Build.0 = Release|Any CPU
		{ADCB302B-C6FB-461F-B6B3-E3BD3B0F4023}.Debug|Any CPU.ActiveCfg = Debug|Any CPU
		{ADCB302B-C6FB-461F-B6B3-E3BD3B0F4023}.Debug|Any CPU.Build.0 = Debug|Any CPU
		{ADCB302B-C6FB-461F-B6B3-E3BD3B0F4023}.ProdDebug|Any CPU.ActiveCfg = ProdDebug|Any CPU
		{ADCB302B-C6FB-461F-B6B3-E3BD3B0F4023}.ProdDebug|Any CPU.Build.0 = ProdDebug|Any CPU
		{ADCB302B-C6FB-461F-B6B3-E3BD3B0F4023}.Release|Any CPU.ActiveCfg = Release|Any CPU
		{ADCB302B-C6FB-461F-B6B3-E3BD3B0F4023}.Release|Any CPU.Build.0 = Release|Any CPU
		{949830CC-360B-4085-BD87-2A536DDA4833}.Debug|Any CPU.ActiveCfg = Debug|Any CPU
		{949830CC-360B-4085-BD87-2A536DDA4833}.Debug|Any CPU.Build.0 = Debug|Any CPU
		{949830CC-360B-4085-BD87-2A536DDA4833}.ProdDebug|Any CPU.ActiveCfg = ProdDebug|Any CPU
		{949830CC-360B-4085-BD87-2A536DDA4833}.ProdDebug|Any CPU.Build.0 = ProdDebug|Any CPU
		{949830CC-360B-4085-BD87-2A536DDA4833}.Release|Any CPU.ActiveCfg = Release|Any CPU
		{949830CC-360B-4085-BD87-2A536DDA4833}.Release|Any CPU.Build.0 = Release|Any CPU
		{53B1CC7E-B860-4B2D-95FD-75C9CA01FF6E}.Debug|Any CPU.ActiveCfg = Debug|Any CPU
		{53B1CC7E-B860-4B2D-95FD-75C9CA01FF6E}.Debug|Any CPU.Build.0 = Debug|Any CPU
		{53B1CC7E-B860-4B2D-95FD-75C9CA01FF6E}.ProdDebug|Any CPU.ActiveCfg = ProdDebug|Any CPU
		{53B1CC7E-B860-4B2D-95FD-75C9CA01FF6E}.ProdDebug|Any CPU.Build.0 = ProdDebug|Any CPU
		{53B1CC7E-B860-4B2D-95FD-75C9CA01FF6E}.Release|Any CPU.ActiveCfg = Release|Any CPU
		{53B1CC7E-B860-4B2D-95FD-75C9CA01FF6E}.Release|Any CPU.Build.0 = Release|Any CPU
		{3F719754-39A0-4480-B63C-12AF5653370F}.Debug|Any CPU.ActiveCfg = Debug|Any CPU
		{3F719754-39A0-4480-B63C-12AF5653370F}.Debug|Any CPU.Build.0 = Debug|Any CPU
		{3F719754-39A0-4480-B63C-12AF5653370F}.ProdDebug|Any CPU.ActiveCfg = ProdDebug|Any CPU
		{3F719754-39A0-4480-B63C-12AF5653370F}.ProdDebug|Any CPU.Build.0 = ProdDebug|Any CPU
		{3F719754-39A0-4480-B63C-12AF5653370F}.Release|Any CPU.ActiveCfg = Release|Any CPU
		{3F719754-39A0-4480-B63C-12AF5653370F}.Release|Any CPU.Build.0 = Release|Any CPU
		{DB83F98F-870A-4262-90D6-7008C6B40CDB}.Debug|Any CPU.ActiveCfg = Debug|Any CPU
		{DB83F98F-870A-4262-90D6-7008C6B40CDB}.Debug|Any CPU.Build.0 = Debug|Any CPU
		{DB83F98F-870A-4262-90D6-7008C6B40CDB}.ProdDebug|Any CPU.ActiveCfg = ProdDebug|Any CPU
		{DB83F98F-870A-4262-90D6-7008C6B40CDB}.ProdDebug|Any CPU.Build.0 = ProdDebug|Any CPU
		{DB83F98F-870A-4262-90D6-7008C6B40CDB}.Release|Any CPU.ActiveCfg = Release|Any CPU
		{DB83F98F-870A-4262-90D6-7008C6B40CDB}.Release|Any CPU.Build.0 = Release|Any CPU
		{16914C89-8A01-4B2D-AAC1-203DAF214D7D}.Debug|Any CPU.ActiveCfg = Debug|Any CPU
		{16914C89-8A01-4B2D-AAC1-203DAF214D7D}.Debug|Any CPU.Build.0 = Debug|Any CPU
		{16914C89-8A01-4B2D-AAC1-203DAF214D7D}.ProdDebug|Any CPU.ActiveCfg = ProdDebug|Any CPU
		{16914C89-8A01-4B2D-AAC1-203DAF214D7D}.ProdDebug|Any CPU.Build.0 = ProdDebug|Any CPU
		{16914C89-8A01-4B2D-AAC1-203DAF214D7D}.Release|Any CPU.ActiveCfg = Release|Any CPU
		{16914C89-8A01-4B2D-AAC1-203DAF214D7D}.Release|Any CPU.Build.0 = Release|Any CPU
		{0FBA3F17-92DF-40D9-BB8F-F477E5D98C21}.Debug|Any CPU.ActiveCfg = Debug|Any CPU
		{0FBA3F17-92DF-40D9-BB8F-F477E5D98C21}.Debug|Any CPU.Build.0 = Debug|Any CPU
		{0FBA3F17-92DF-40D9-BB8F-F477E5D98C21}.ProdDebug|Any CPU.ActiveCfg = ProdDebug|Any CPU
		{0FBA3F17-92DF-40D9-BB8F-F477E5D98C21}.ProdDebug|Any CPU.Build.0 = ProdDebug|Any CPU
		{0FBA3F17-92DF-40D9-BB8F-F477E5D98C21}.Release|Any CPU.ActiveCfg = Release|Any CPU
		{0FBA3F17-92DF-40D9-BB8F-F477E5D98C21}.Release|Any CPU.Build.0 = Release|Any CPU
		{5EF50E15-0B70-459B-B2F4-454104AF0FEB}.Debug|Any CPU.ActiveCfg = Debug|Any CPU
		{5EF50E15-0B70-459B-B2F4-454104AF0FEB}.Debug|Any CPU.Build.0 = Debug|Any CPU
		{5EF50E15-0B70-459B-B2F4-454104AF0FEB}.ProdDebug|Any CPU.ActiveCfg = ProdDebug|Any CPU
		{5EF50E15-0B70-459B-B2F4-454104AF0FEB}.ProdDebug|Any CPU.Build.0 = ProdDebug|Any CPU
		{5EF50E15-0B70-459B-B2F4-454104AF0FEB}.Release|Any CPU.ActiveCfg = Release|Any CPU
		{5EF50E15-0B70-459B-B2F4-454104AF0FEB}.Release|Any CPU.Build.0 = Release|Any CPU
		{B7BE64B9-3841-412B-A62E-A738D75410C4}.Debug|Any CPU.ActiveCfg = Debug|Any CPU
		{B7BE64B9-3841-412B-A62E-A738D75410C4}.Debug|Any CPU.Build.0 = Debug|Any CPU
		{B7BE64B9-3841-412B-A62E-A738D75410C4}.ProdDebug|Any CPU.ActiveCfg = ProdDebug|Any CPU
		{B7BE64B9-3841-412B-A62E-A738D75410C4}.ProdDebug|Any CPU.Build.0 = ProdDebug|Any CPU
		{B7BE64B9-3841-412B-A62E-A738D75410C4}.Release|Any CPU.ActiveCfg = Release|Any CPU
		{B7BE64B9-3841-412B-A62E-A738D75410C4}.Release|Any CPU.Build.0 = Release|Any CPU
		{3BFD8ACE-0189-4B11-A110-1AA07952C366}.Debug|Any CPU.ActiveCfg = Debug|Any CPU
		{3BFD8ACE-0189-4B11-A110-1AA07952C366}.Debug|Any CPU.Build.0 = Debug|Any CPU
		{3BFD8ACE-0189-4B11-A110-1AA07952C366}.ProdDebug|Any CPU.ActiveCfg = ProdDebug|Any CPU
		{3BFD8ACE-0189-4B11-A110-1AA07952C366}.ProdDebug|Any CPU.Build.0 = ProdDebug|Any CPU
		{3BFD8ACE-0189-4B11-A110-1AA07952C366}.Release|Any CPU.ActiveCfg = Release|Any CPU
		{3BFD8ACE-0189-4B11-A110-1AA07952C366}.Release|Any CPU.Build.0 = Release|Any CPU
	EndGlobalSection
	GlobalSection(SolutionProperties) = preSolution
		HideSolutionNode = FALSE
	EndGlobalSection
	GlobalSection(NestedProjects) = preSolution
		{DBB17C25-32B0-4AC9-B054-EF50A9488808} = {738C1300-E9D8-4853-A773-B88A984FE245}
		{ADCB302B-C6FB-461F-B6B3-E3BD3B0F4023} = {9901DE46-4790-4E5F-B4CE-277E819E65C4}
		{949830CC-360B-4085-BD87-2A536DDA4833} = {738C1300-E9D8-4853-A773-B88A984FE245}
		{53B1CC7E-B860-4B2D-95FD-75C9CA01FF6E} = {FE4EA644-DE33-4E5C-8851-49AE88B917D6}
		{3F719754-39A0-4480-B63C-12AF5653370F} = {20A91BCD-5F0F-4A6F-8074-DB1964AA78E9}
		{DB83F98F-870A-4262-90D6-7008C6B40CDB} = {028E70DD-CA9E-426F-A3A1-D27C68F8350B}
		{16914C89-8A01-4B2D-AAC1-203DAF214D7D} = {20A91BCD-5F0F-4A6F-8074-DB1964AA78E9}
		{0FBA3F17-92DF-40D9-BB8F-F477E5D98C21} = {20A91BCD-5F0F-4A6F-8074-DB1964AA78E9}
		{5EF50E15-0B70-459B-B2F4-454104AF0FEB} = {20A91BCD-5F0F-4A6F-8074-DB1964AA78E9}
		{B7BE64B9-3841-412B-A62E-A738D75410C4} = {20A91BCD-5F0F-4A6F-8074-DB1964AA78E9}
		{3BFD8ACE-0189-4B11-A110-1AA07952C366} = {738C1300-E9D8-4853-A773-B88A984FE245}
	EndGlobalSection
	GlobalSection(ExtensibilityGlobals) = postSolution
		SolutionGuid = {95676CEB-1262-4078-BE72-8F4CF9D77F64}
	EndGlobalSection
EndGlobal
